
Microsoft Visual Studio Solution File, Format Version 12.00
# Visual Studio Version 17
VisualStudioVersion = 17.6.33513.286
MinimumVisualStudioVersion = 10.0.40219.1
Project("{2150E333-8FDC-42A3-9474-1A3956D46DE8}") = "src", "src", "{2988C4AF-C20F-4E9A-B77F-A4CD0AD4C2FA}"
EndProject
Project("{9A19103F-16F7-4668-BE54-9A1E7A4F7556}") = "Bloop.Cli", "src\Bloop.Cli\Bloop.Cli.csproj", "{BB968D45-65DC-40E6-A748-3F14A47F9C78}"
EndProject
Project("{9A19103F-16F7-4668-BE54-9A1E7A4F7556}") = "Bloop.Core", "src\Bloop.Core\Bloop.Core.csproj", "{1B600C7A-D5BE-42B8-8C14-CFF4A8A6E99D}"
EndProject
Project("{2150E333-8FDC-42A3-9474-1A3956D46DE8}") = "tests", "tests", "{C23DE76A-8AB3-45CA-94DA-A7A98083A2F6}"
EndProject
Project("{9A19103F-16F7-4668-BE54-9A1E7A4F7556}") = "TestApi", "tests\TestApi\TestApi.csproj", "{C2EF2D99-5FD0-46D4-9D59-218C0935C3AD}"
EndProject
Project("{9A19103F-16F7-4668-BE54-9A1E7A4F7556}") = "Bloop.Avalonia.Ui", "src\Bloop.Ui\Bloop.Avalonia.Ui.csproj", "{EA5D6E3E-D1E6-48A7-A7D7-3848847724A1}"
EndProject
Global
	GlobalSection(SolutionConfigurationPlatforms) = preSolution
		Debug|Any CPU = Debug|Any CPU
		Release|Any CPU = Release|Any CPU
	EndGlobalSection
	GlobalSection(ProjectConfigurationPlatforms) = postSolution
		{BB968D45-65DC-40E6-A748-3F14A47F9C78}.Debug|Any CPU.ActiveCfg = Debug|Any CPU
		{BB968D45-65DC-40E6-A748-3F14A47F9C78}.Debug|Any CPU.Build.0 = Debug|Any CPU
		{BB968D45-65DC-40E6-A748-3F14A47F9C78}.Release|Any CPU.ActiveCfg = Release|Any CPU
		{BB968D45-65DC-40E6-A748-3F14A47F9C78}.Release|Any CPU.Build.0 = Release|Any CPU
		{1B600C7A-D5BE-42B8-8C14-CFF4A8A6E99D}.Debug|Any CPU.ActiveCfg = Debug|Any CPU
		{1B600C7A-D5BE-42B8-8C14-CFF4A8A6E99D}.Debug|Any CPU.Build.0 = Debug|Any CPU
		{1B600C7A-D5BE-42B8-8C14-CFF4A8A6E99D}.Release|Any CPU.ActiveCfg = Release|Any CPU
		{1B600C7A-D5BE-42B8-8C14-CFF4A8A6E99D}.Release|Any CPU.Build.0 = Release|Any CPU
		{C2EF2D99-5FD0-46D4-9D59-218C0935C3AD}.Debug|Any CPU.ActiveCfg = Debug|Any CPU
		{C2EF2D99-5FD0-46D4-9D59-218C0935C3AD}.Debug|Any CPU.Build.0 = Debug|Any CPU
		{C2EF2D99-5FD0-46D4-9D59-218C0935C3AD}.Release|Any CPU.ActiveCfg = Release|Any CPU
		{C2EF2D99-5FD0-46D4-9D59-218C0935C3AD}.Release|Any CPU.Build.0 = Release|Any CPU
		{EA5D6E3E-D1E6-48A7-A7D7-3848847724A1}.Debug|Any CPU.ActiveCfg = Debug|Any CPU
		{EA5D6E3E-D1E6-48A7-A7D7-3848847724A1}.Debug|Any CPU.Build.0 = Debug|Any CPU
		{EA5D6E3E-D1E6-48A7-A7D7-3848847724A1}.Release|Any CPU.ActiveCfg = Release|Any CPU
		{EA5D6E3E-D1E6-48A7-A7D7-3848847724A1}.Release|Any CPU.Build.0 = Release|Any CPU
	EndGlobalSection
	GlobalSection(SolutionProperties) = preSolution
		HideSolutionNode = FALSE
	EndGlobalSection
	GlobalSection(NestedProjects) = preSolution
		{BB968D45-65DC-40E6-A748-3F14A47F9C78} = {2988C4AF-C20F-4E9A-B77F-A4CD0AD4C2FA}
		{1B600C7A-D5BE-42B8-8C14-CFF4A8A6E99D} = {2988C4AF-C20F-4E9A-B77F-A4CD0AD4C2FA}
		{C2EF2D99-5FD0-46D4-9D59-218C0935C3AD} = {C23DE76A-8AB3-45CA-94DA-A7A98083A2F6}
		{EA5D6E3E-D1E6-48A7-A7D7-3848847724A1} = {2988C4AF-C20F-4E9A-B77F-A4CD0AD4C2FA}
	EndGlobalSection
	GlobalSection(ExtensibilityGlobals) = postSolution
		SolutionGuid = {B858A48C-FFCA-4886-AFFB-2AB4157ADDA7}
	EndGlobalSection
EndGlobal
